// !$*UTF8*$!
{
	archiveVersion = 1;
	classes = {
	};
	objectVersion = 56;
	objects = {

/* Begin PBXBuildFile section */
		CE024D63293288F10025EEF4 /* pOsCell.swift in Sources */ = {isa = PBXBuildFile; fileRef = CE024D61293288F10025EEF4 /* pOsCell.swift */; };
		CE024D64293288F10025EEF4 /* pOsCell.xib in Resources */ = {isa = PBXBuildFile; fileRef = CE024D62293288F10025EEF4 /* pOsCell.xib */; };
		CE03393929009407002AE68A /* WordManager.swift in Sources */ = {isa = PBXBuildFile; fileRef = CE03393829009407002AE68A /* WordManager.swift */; };
		CE0F3573294FAA27003A4617 /* FirebaseAuth in Frameworks */ = {isa = PBXBuildFile; productRef = CE0F3572294FAA27003A4617 /* FirebaseAuth */; };
		CE0F3575294FAB62003A4617 /* GoogleService-Info.plist in Resources */ = {isa = PBXBuildFile; fileRef = CE0F3574294FAB62003A4617 /* GoogleService-Info.plist */; };
		CE1D631329217E8C00C56955 /* DefinitionCell.swift in Sources */ = {isa = PBXBuildFile; fileRef = CE1D631129217E8C00C56955 /* DefinitionCell.swift */; };
		CE1D631429217E8C00C56955 /* DefinitionCell.xib in Resources */ = {isa = PBXBuildFile; fileRef = CE1D631229217E8C00C56955 /* DefinitionCell.xib */; };
		CE1D63172921851F00C56955 /* SynAntonCell.swift in Sources */ = {isa = PBXBuildFile; fileRef = CE1D63152921851F00C56955 /* SynAntonCell.swift */; };
		CE1D63182921851F00C56955 /* SynAntonCell.xib in Resources */ = {isa = PBXBuildFile; fileRef = CE1D63162921851F00C56955 /* SynAntonCell.xib */; };
		CE2A257C29033049000E3060 /* WordData.swift in Sources */ = {isa = PBXBuildFile; fileRef = CE2A257B29033049000E3060 /* WordData.swift */; };
		CE59C7E428F74A490041BCAD /* SearchVC.swift in Sources */ = {isa = PBXBuildFile; fileRef = CE59C7E028F74A490041BCAD /* SearchVC.swift */; };
		CE59C7E528F74A490041BCAD /* TagsVC.swift in Sources */ = {isa = PBXBuildFile; fileRef = CE59C7E228F74A490041BCAD /* TagsVC.swift */; };
		CE59C7E628F74A490041BCAD /* WelcomeViewController.swift in Sources */ = {isa = PBXBuildFile; fileRef = CE59C7E128F74A490041BCAD /* WelcomeViewController.swift */; };
		CE59C7E728F74A490041BCAD /* ReviewVC.swift in Sources */ = {isa = PBXBuildFile; fileRef = CE59C7E328F74A490041BCAD /* ReviewVC.swift */; };
		CE59C7E828F74A490041BCAD /* HomeVC.swift in Sources */ = {isa = PBXBuildFile; fileRef = CE59C7DF28F74A490041BCAD /* HomeVC.swift */; };
		CE59C7E928F74A490041BCAD /* WebViewVC.swift in Sources */ = {isa = PBXBuildFile; fileRef = CE59C7DD28F74A490041BCAD /* WebViewVC.swift */; };
		CE59C7EA28F74A490041BCAD /* SettingsVC.swift in Sources */ = {isa = PBXBuildFile; fileRef = CE59C7DE28F74A490041BCAD /* SettingsVC.swift */; };
		CE59C7EB28F74A490041BCAD /* ChooseSetVC.swift in Sources */ = {isa = PBXBuildFile; fileRef = CE59C7DC28F74A490041BCAD /* ChooseSetVC.swift */; };
		CE7BBCC32914447E00F78BFD /* FirstDefinitionCell.swift in Sources */ = {isa = PBXBuildFile; fileRef = CE7BBCC12914447E00F78BFD /* FirstDefinitionCell.swift */; };
		CE7BBCC42914447E00F78BFD /* FirstDefinitionCell.xib in Resources */ = {isa = PBXBuildFile; fileRef = CE7BBCC22914447E00F78BFD /* FirstDefinitionCell.xib */; };
		CE8B99D52917F245006D3D41 /* DefExampleCell.swift in Sources */ = {isa = PBXBuildFile; fileRef = CE8B99D32917F245006D3D41 /* DefExampleCell.swift */; };
		CE8B99D62917F245006D3D41 /* DefExampleCell.xib in Resources */ = {isa = PBXBuildFile; fileRef = CE8B99D42917F245006D3D41 /* DefExampleCell.xib */; };
		CE95658728E08E2D00E84B39 /* AppDelegate.swift in Sources */ = {isa = PBXBuildFile; fileRef = CE95658628E08E2D00E84B39 /* AppDelegate.swift */; };
		CE95658928E08E2D00E84B39 /* SceneDelegate.swift in Sources */ = {isa = PBXBuildFile; fileRef = CE95658828E08E2D00E84B39 /* SceneDelegate.swift */; };
		CE95658E28E08E2D00E84B39 /* Main.storyboard in Resources */ = {isa = PBXBuildFile; fileRef = CE95658C28E08E2D00E84B39 /* Main.storyboard */; };
		CE95659028E08E2F00E84B39 /* Assets.xcassets in Resources */ = {isa = PBXBuildFile; fileRef = CE95658F28E08E2F00E84B39 /* Assets.xcassets */; };
		CE95659328E08E2F00E84B39 /* LaunchScreen.storyboard in Resources */ = {isa = PBXBuildFile; fileRef = CE95659128E08E2F00E84B39 /* LaunchScreen.storyboard */; };
		CEADA1FD29183480005C98CC /* Test.swift in Sources */ = {isa = PBXBuildFile; fileRef = CEADA1FC29183480005C98CC /* Test.swift */; };
		CEB351472947D09100E42F89 /* AuthManager.swift in Sources */ = {isa = PBXBuildFile; fileRef = CEB351462947D09100E42F89 /* AuthManager.swift */; };
		CED4DF952958783900837B25 /* Constants.swift in Sources */ = {isa = PBXBuildFile; fileRef = CED4DF942958783900837B25 /* Constants.swift */; };
/* End PBXBuildFile section */

/* Begin PBXFileReference section */
		CE024D61293288F10025EEF4 /* pOsCell.swift */ = {isa = PBXFileReference; lastKnownFileType = sourcecode.swift; path = pOsCell.swift; sourceTree = "<group>"; };
		CE024D62293288F10025EEF4 /* pOsCell.xib */ = {isa = PBXFileReference; lastKnownFileType = file.xib; path = pOsCell.xib; sourceTree = "<group>"; };
		CE03393829009407002AE68A /* WordManager.swift */ = {isa = PBXFileReference; lastKnownFileType = sourcecode.swift; path = WordManager.swift; sourceTree = "<group>"; };
		CE0F3574294FAB62003A4617 /* GoogleService-Info.plist */ = {isa = PBXFileReference; fileEncoding = 4; lastKnownFileType = text.plist.xml; path = "GoogleService-Info.plist"; sourceTree = "<group>"; };
		CE1D631129217E8C00C56955 /* DefinitionCell.swift */ = {isa = PBXFileReference; lastKnownFileType = sourcecode.swift; path = DefinitionCell.swift; sourceTree = "<group>"; };
		CE1D631229217E8C00C56955 /* DefinitionCell.xib */ = {isa = PBXFileReference; lastKnownFileType = file.xib; path = DefinitionCell.xib; sourceTree = "<group>"; };
		CE1D63152921851F00C56955 /* SynAntonCell.swift */ = {isa = PBXFileReference; lastKnownFileType = sourcecode.swift; path = SynAntonCell.swift; sourceTree = "<group>"; };
		CE1D63162921851F00C56955 /* SynAntonCell.xib */ = {isa = PBXFileReference; lastKnownFileType = file.xib; path = SynAntonCell.xib; sourceTree = "<group>"; };
		CE2A257B29033049000E3060 /* WordData.swift */ = {isa = PBXFileReference; lastKnownFileType = sourcecode.swift; path = WordData.swift; sourceTree = "<group>"; };
		CE59C7DC28F74A490041BCAD /* ChooseSetVC.swift */ = {isa = PBXFileReference; lastKnownFileType = sourcecode.swift; path = ChooseSetVC.swift; sourceTree = "<group>"; };
		CE59C7DD28F74A490041BCAD /* WebViewVC.swift */ = {isa = PBXFileReference; lastKnownFileType = sourcecode.swift; path = WebViewVC.swift; sourceTree = "<group>"; };
		CE59C7DE28F74A490041BCAD /* SettingsVC.swift */ = {isa = PBXFileReference; lastKnownFileType = sourcecode.swift; path = SettingsVC.swift; sourceTree = "<group>"; };
		CE59C7DF28F74A490041BCAD /* HomeVC.swift */ = {isa = PBXFileReference; lastKnownFileType = sourcecode.swift; path = HomeVC.swift; sourceTree = "<group>"; };
		CE59C7E028F74A490041BCAD /* SearchVC.swift */ = {isa = PBXFileReference; lastKnownFileType = sourcecode.swift; path = SearchVC.swift; sourceTree = "<group>"; };
		CE59C7E128F74A490041BCAD /* WelcomeViewController.swift */ = {isa = PBXFileReference; lastKnownFileType = sourcecode.swift; path = WelcomeViewController.swift; sourceTree = "<group>"; };
		CE59C7E228F74A490041BCAD /* TagsVC.swift */ = {isa = PBXFileReference; lastKnownFileType = sourcecode.swift; path = TagsVC.swift; sourceTree = "<group>"; };
		CE59C7E328F74A490041BCAD /* ReviewVC.swift */ = {isa = PBXFileReference; lastKnownFileType = sourcecode.swift; path = ReviewVC.swift; sourceTree = "<group>"; };
		CE7BBCC12914447E00F78BFD /* FirstDefinitionCell.swift */ = {isa = PBXFileReference; lastKnownFileType = sourcecode.swift; path = FirstDefinitionCell.swift; sourceTree = "<group>"; };
		CE7BBCC22914447E00F78BFD /* FirstDefinitionCell.xib */ = {isa = PBXFileReference; lastKnownFileType = file.xib; path = FirstDefinitionCell.xib; sourceTree = "<group>"; };
		CE8B99D32917F245006D3D41 /* DefExampleCell.swift */ = {isa = PBXFileReference; lastKnownFileType = sourcecode.swift; path = DefExampleCell.swift; sourceTree = "<group>"; };
		CE8B99D42917F245006D3D41 /* DefExampleCell.xib */ = {isa = PBXFileReference; lastKnownFileType = file.xib; path = DefExampleCell.xib; sourceTree = "<group>"; };
		CE95658328E08E2D00E84B39 /* VocabIn.app */ = {isa = PBXFileReference; explicitFileType = wrapper.application; includeInIndex = 0; path = VocabIn.app; sourceTree = BUILT_PRODUCTS_DIR; };
		CE95658628E08E2D00E84B39 /* AppDelegate.swift */ = {isa = PBXFileReference; lastKnownFileType = sourcecode.swift; path = AppDelegate.swift; sourceTree = "<group>"; };
		CE95658828E08E2D00E84B39 /* SceneDelegate.swift */ = {isa = PBXFileReference; lastKnownFileType = sourcecode.swift; path = SceneDelegate.swift; sourceTree = "<group>"; };
		CE95658D28E08E2D00E84B39 /* Base */ = {isa = PBXFileReference; lastKnownFileType = file.storyboard; name = Base; path = Base.lproj/Main.storyboard; sourceTree = "<group>"; };
		CE95658F28E08E2F00E84B39 /* Assets.xcassets */ = {isa = PBXFileReference; lastKnownFileType = folder.assetcatalog; path = Assets.xcassets; sourceTree = "<group>"; };
		CE95659228E08E2F00E84B39 /* Base */ = {isa = PBXFileReference; lastKnownFileType = file.storyboard; name = Base; path = Base.lproj/LaunchScreen.storyboard; sourceTree = "<group>"; };
		CE95659428E08E2F00E84B39 /* Info.plist */ = {isa = PBXFileReference; lastKnownFileType = text.plist.xml; path = Info.plist; sourceTree = "<group>"; };
		CEADA1FC29183480005C98CC /* Test.swift */ = {isa = PBXFileReference; lastKnownFileType = sourcecode.swift; path = Test.swift; sourceTree = "<group>"; };
		CEB351462947D09100E42F89 /* AuthManager.swift */ = {isa = PBXFileReference; lastKnownFileType = sourcecode.swift; path = AuthManager.swift; sourceTree = "<group>"; };
		CED4DF942958783900837B25 /* Constants.swift */ = {isa = PBXFileReference; lastKnownFileType = sourcecode.swift; path = Constants.swift; sourceTree = "<group>"; };
/* End PBXFileReference section */

/* Begin PBXFrameworksBuildPhase section */
		CE95658028E08E2D00E84B39 /* Frameworks */ = {
			isa = PBXFrameworksBuildPhase;
			buildActionMask = 2147483647;
			files = (
				CE0F3573294FAA27003A4617 /* FirebaseAuth in Frameworks */,
			);
			runOnlyForDeploymentPostprocessing = 0;
		};
/* End PBXFrameworksBuildPhase section */

/* Begin PBXGroup section */
		CE03393A29009413002AE68A /* Networking */ = {
			isa = PBXGroup;
			children = (
				CE03393829009407002AE68A /* WordManager.swift */,
				CE2A257B29033049000E3060 /* WordData.swift */,
				CEB351462947D09100E42F89 /* AuthManager.swift */,
			);
			path = Networking;
			sourceTree = "<group>";
		};
		CE59C7DB28F749B50041BCAD /* Views */ = {
			isa = PBXGroup;
			children = (
				CE95658C28E08E2D00E84B39 /* Main.storyboard */,
				CE7BBCC12914447E00F78BFD /* FirstDefinitionCell.swift */,
				CE7BBCC22914447E00F78BFD /* FirstDefinitionCell.xib */,
				CE8B99D32917F245006D3D41 /* DefExampleCell.swift */,
				CE8B99D42917F245006D3D41 /* DefExampleCell.xib */,
				CE1D631129217E8C00C56955 /* DefinitionCell.swift */,
				CE1D631229217E8C00C56955 /* DefinitionCell.xib */,
				CE1D63152921851F00C56955 /* SynAntonCell.swift */,
				CE1D63162921851F00C56955 /* SynAntonCell.xib */,
				CE024D61293288F10025EEF4 /* pOsCell.swift */,
				CE024D62293288F10025EEF4 /* pOsCell.xib */,
			);
			path = Views;
			sourceTree = "<group>";
		};
		CE59C7EC28F74A5D0041BCAD /* Controllers */ = {
			isa = PBXGroup;
			children = (
				CE59C7DC28F74A490041BCAD /* ChooseSetVC.swift */,
				CE59C7DF28F74A490041BCAD /* HomeVC.swift */,
				CE59C7E328F74A490041BCAD /* ReviewVC.swift */,
				CE59C7E028F74A490041BCAD /* SearchVC.swift */,
				CE59C7DE28F74A490041BCAD /* SettingsVC.swift */,
				CE59C7E128F74A490041BCAD /* WelcomeViewController.swift */,
				CE59C7E228F74A490041BCAD /* TagsVC.swift */,
				CE59C7DD28F74A490041BCAD /* WebViewVC.swift */,
			);
			path = Controllers;
			sourceTree = "<group>";
		};
		CE95657A28E08E2D00E84B39 = {
			isa = PBXGroup;
			children = (
				CE95658528E08E2D00E84B39 /* VocabIn */,
				CE95658428E08E2D00E84B39 /* Products */,
			);
			sourceTree = "<group>";
		};
		CE95658428E08E2D00E84B39 /* Products */ = {
			isa = PBXGroup;
			children = (
				CE95658328E08E2D00E84B39 /* VocabIn.app */,
			);
			name = Products;
			sourceTree = "<group>";
		};
		CE95658528E08E2D00E84B39 /* VocabIn */ = {
			isa = PBXGroup;
			children = (
				CEADA1FB2918345E005C98CC /* Model */,
				CE95658628E08E2D00E84B39 /* AppDelegate.swift */,
				CE95658828E08E2D00E84B39 /* SceneDelegate.swift */,
				CE03393A29009413002AE68A /* Networking */,
				CE59C7DB28F749B50041BCAD /* Views */,
				CE59C7EC28F74A5D0041BCAD /* Controllers */,
				CE95658F28E08E2F00E84B39 /* Assets.xcassets */,
				CED4DF942958783900837B25 /* Constants.swift */,
				CE95659128E08E2F00E84B39 /* LaunchScreen.storyboard */,
				CE95659428E08E2F00E84B39 /* Info.plist */,
				CE0F3574294FAB62003A4617 /* GoogleService-Info.plist */,
			);
			path = VocabIn;
			sourceTree = "<group>";
		};
		CEADA1FB2918345E005C98CC /* Model */ = {
			isa = PBXGroup;
			children = (
				CEADA1FC29183480005C98CC /* Test.swift */,
			);
			path = Model;
			sourceTree = "<group>";
		};
/* End PBXGroup section */

/* Begin PBXNativeTarget section */
		CE95658228E08E2D00E84B39 /* VocabIn */ = {
			isa = PBXNativeTarget;
			buildConfigurationList = CE95659728E08E2F00E84B39 /* Build configuration list for PBXNativeTarget "VocabIn" */;
			buildPhases = (
				CE95657F28E08E2D00E84B39 /* Sources */,
				CE95658028E08E2D00E84B39 /* Frameworks */,
				CE95658128E08E2D00E84B39 /* Resources */,
			);
			buildRules = (
			);
			dependencies = (
			);
			name = VocabIn;
			packageProductDependencies = (
				CE0F3572294FAA27003A4617 /* FirebaseAuth */,
			);
			productName = VocabIn;
			productReference = CE95658328E08E2D00E84B39 /* VocabIn.app */;
			productType = "com.apple.product-type.application";
		};
/* End PBXNativeTarget section */

/* Begin PBXProject section */
		CE95657B28E08E2D00E84B39 /* Project object */ = {
			isa = PBXProject;
			attributes = {
				BuildIndependentTargetsInParallel = 1;
				LastSwiftUpdateCheck = 1400;
				LastUpgradeCheck = 1400;
				TargetAttributes = {
					CE95658228E08E2D00E84B39 = {
						CreatedOnToolsVersion = 14.0;
					};
				};
			};
			buildConfigurationList = CE95657E28E08E2D00E84B39 /* Build configuration list for PBXProject "VocabIn" */;
			compatibilityVersion = "Xcode 14.0";
			developmentRegion = en;
			hasScannedForEncodings = 0;
			knownRegions = (
				en,
				Base,
			);
			mainGroup = CE95657A28E08E2D00E84B39;
			packageReferences = (
				CE0F3571294FAA27003A4617 /* XCRemoteSwiftPackageReference "firebase-ios-sdk" */,
			);
			productRefGroup = CE95658428E08E2D00E84B39 /* Products */;
			projectDirPath = "";
			projectRoot = "";
			targets = (
				CE95658228E08E2D00E84B39 /* VocabIn */,
			);
		};
/* End PBXProject section */

/* Begin PBXResourcesBuildPhase section */
		CE95658128E08E2D00E84B39 /* Resources */ = {
			isa = PBXResourcesBuildPhase;
			buildActionMask = 2147483647;
			files = (
				CE7BBCC42914447E00F78BFD /* FirstDefinitionCell.xib in Resources */,
				CE8B99D62917F245006D3D41 /* DefExampleCell.xib in Resources */,
				CE0F3575294FAB62003A4617 /* GoogleService-Info.plist in Resources */,
				CE95659328E08E2F00E84B39 /* LaunchScreen.storyboard in Resources */,
				CE1D63182921851F00C56955 /* SynAntonCell.xib in Resources */,
				CE95659028E08E2F00E84B39 /* Assets.xcassets in Resources */,
				CE1D631429217E8C00C56955 /* DefinitionCell.xib in Resources */,
				CE024D64293288F10025EEF4 /* pOsCell.xib in Resources */,
				CE95658E28E08E2D00E84B39 /* Main.storyboard in Resources */,
			);
			runOnlyForDeploymentPostprocessing = 0;
		};
/* End PBXResourcesBuildPhase section */

/* Begin PBXSourcesBuildPhase section */
		CE95657F28E08E2D00E84B39 /* Sources */ = {
			isa = PBXSourcesBuildPhase;
			buildActionMask = 2147483647;
			files = (
				CE59C7E428F74A490041BCAD /* SearchVC.swift in Sources */,
				CE59C7E828F74A490041BCAD /* HomeVC.swift in Sources */,
				CEADA1FD29183480005C98CC /* Test.swift in Sources */,
				CE95658728E08E2D00E84B39 /* AppDelegate.swift in Sources */,
				CE1D63172921851F00C56955 /* SynAntonCell.swift in Sources */,
				CE1D631329217E8C00C56955 /* DefinitionCell.swift in Sources */,
				CE024D63293288F10025EEF4 /* pOsCell.swift in Sources */,
				CE95658928E08E2D00E84B39 /* SceneDelegate.swift in Sources */,
				CE59C7E928F74A490041BCAD /* WebViewVC.swift in Sources */,
				CE7BBCC32914447E00F78BFD /* FirstDefinitionCell.swift in Sources */,
				CE59C7E528F74A490041BCAD /* TagsVC.swift in Sources */,
				CE59C7E728F74A490041BCAD /* ReviewVC.swift in Sources */,
				CE03393929009407002AE68A /* WordManager.swift in Sources */,
				CE59C7E628F74A490041BCAD /* WelcomeViewController.swift in Sources */,
				CEB351472947D09100E42F89 /* AuthManager.swift in Sources */,
				CED4DF952958783900837B25 /* Constants.swift in Sources */,
				CE59C7EB28F74A490041BCAD /* ChooseSetVC.swift in Sources */,
				CE59C7EA28F74A490041BCAD /* SettingsVC.swift in Sources */,
				CE2A257C29033049000E3060 /* WordData.swift in Sources */,
				CE8B99D52917F245006D3D41 /* DefExampleCell.swift in Sources */,
			);
			runOnlyForDeploymentPostprocessing = 0;
		};
/* End PBXSourcesBuildPhase section */

/* Begin PBXVariantGroup section */
		CE95658C28E08E2D00E84B39 /* Main.storyboard */ = {
			isa = PBXVariantGroup;
			children = (
				CE95658D28E08E2D00E84B39 /* Base */,
			);
			name = Main.storyboard;
			sourceTree = "<group>";
		};
		CE95659128E08E2F00E84B39 /* LaunchScreen.storyboard */ = {
			isa = PBXVariantGroup;
			children = (
				CE95659228E08E2F00E84B39 /* Base */,
			);
			name = LaunchScreen.storyboard;
			sourceTree = "<group>";
		};
/* End PBXVariantGroup section */

/* Begin XCBuildConfiguration section */
		CE95659528E08E2F00E84B39 /* Debug */ = {
			isa = XCBuildConfiguration;
			buildSettings = {
				ALWAYS_SEARCH_USER_PATHS = NO;
				CLANG_ANALYZER_NONNULL = YES;
				CLANG_ANALYZER_NUMBER_OBJECT_CONVERSION = YES_AGGRESSIVE;
				CLANG_CXX_LANGUAGE_STANDARD = "gnu++20";
				CLANG_ENABLE_MODULES = YES;
				CLANG_ENABLE_OBJC_ARC = YES;
				CLANG_ENABLE_OBJC_WEAK = YES;
				CLANG_WARN_BLOCK_CAPTURE_AUTORELEASING = YES;
				CLANG_WARN_BOOL_CONVERSION = YES;
				CLANG_WARN_COMMA = YES;
				CLANG_WARN_CONSTANT_CONVERSION = YES;
				CLANG_WARN_DEPRECATED_OBJC_IMPLEMENTATIONS = YES;
				CLANG_WARN_DIRECT_OBJC_ISA_USAGE = YES_ERROR;
				CLANG_WARN_DOCUMENTATION_COMMENTS = YES;
				CLANG_WARN_EMPTY_BODY = YES;
				CLANG_WARN_ENUM_CONVERSION = YES;
				CLANG_WARN_INFINITE_RECURSION = YES;
				CLANG_WARN_INT_CONVERSION = YES;
				CLANG_WARN_NON_LITERAL_NULL_CONVERSION = YES;
				CLANG_WARN_OBJC_IMPLICIT_RETAIN_SELF = YES;
				CLANG_WARN_OBJC_LITERAL_CONVERSION = YES;
				CLANG_WARN_OBJC_ROOT_CLASS = YES_ERROR;
				CLANG_WARN_QUOTED_INCLUDE_IN_FRAMEWORK_HEADER = YES;
				CLANG_WARN_RANGE_LOOP_ANALYSIS = YES;
				CLANG_WARN_STRICT_PROTOTYPES = YES;
				CLANG_WARN_SUSPICIOUS_MOVE = YES;
				CLANG_WARN_UNGUARDED_AVAILABILITY = YES_AGGRESSIVE;
				CLANG_WARN_UNREACHABLE_CODE = YES;
				CLANG_WARN__DUPLICATE_METHOD_MATCH = YES;
				COPY_PHASE_STRIP = NO;
				DEBUG_INFORMATION_FORMAT = dwarf;
				ENABLE_STRICT_OBJC_MSGSEND = YES;
				ENABLE_TESTABILITY = YES;
				GCC_C_LANGUAGE_STANDARD = gnu11;
				GCC_DYNAMIC_NO_PIC = NO;
				GCC_NO_COMMON_BLOCKS = YES;
				GCC_OPTIMIZATION_LEVEL = 0;
				GCC_PREPROCESSOR_DEFINITIONS = (
					"DEBUG=1",
					"$(inherited)",
				);
				GCC_WARN_64_TO_32_BIT_CONVERSION = YES;
				GCC_WARN_ABOUT_RETURN_TYPE = YES_ERROR;
				GCC_WARN_UNDECLARED_SELECTOR = YES;
				GCC_WARN_UNINITIALIZED_AUTOS = YES_AGGRESSIVE;
				GCC_WARN_UNUSED_FUNCTION = YES;
				GCC_WARN_UNUSED_VARIABLE = YES;
				IPHONEOS_DEPLOYMENT_TARGET = 16.0;
				MTL_ENABLE_DEBUG_INFO = INCLUDE_SOURCE;
				MTL_FAST_MATH = YES;
				ONLY_ACTIVE_ARCH = YES;
				SDKROOT = iphoneos;
				SWIFT_ACTIVE_COMPILATION_CONDITIONS = DEBUG;
				SWIFT_OPTIMIZATION_LEVEL = "-Onone";
			};
			name = Debug;
		};
		CE95659628E08E2F00E84B39 /* Release */ = {
			isa = XCBuildConfiguration;
			buildSettings = {
				ALWAYS_SEARCH_USER_PATHS = NO;
				CLANG_ANALYZER_NONNULL = YES;
				CLANG_ANALYZER_NUMBER_OBJECT_CONVERSION = YES_AGGRESSIVE;
				CLANG_CXX_LANGUAGE_STANDARD = "gnu++20";
				CLANG_ENABLE_MODULES = YES;
				CLANG_ENABLE_OBJC_ARC = YES;
				CLANG_ENABLE_OBJC_WEAK = YES;
				CLANG_WARN_BLOCK_CAPTURE_AUTORELEASING = YES;
				CLANG_WARN_BOOL_CONVERSION = YES;
				CLANG_WARN_COMMA = YES;
				CLANG_WARN_CONSTANT_CONVERSION = YES;
				CLANG_WARN_DEPRECATED_OBJC_IMPLEMENTATIONS = YES;
				CLANG_WARN_DIRECT_OBJC_ISA_USAGE = YES_ERROR;
				CLANG_WARN_DOCUMENTATION_COMMENTS = YES;
				CLANG_WARN_EMPTY_BODY = YES;
				CLANG_WARN_ENUM_CONVERSION = YES;
				CLANG_WARN_INFINITE_RECURSION = YES;
				CLANG_WARN_INT_CONVERSION = YES;
				CLANG_WARN_NON_LITERAL_NULL_CONVERSION = YES;
				CLANG_WARN_OBJC_IMPLICIT_RETAIN_SELF = YES;
				CLANG_WARN_OBJC_LITERAL_CONVERSION = YES;
				CLANG_WARN_OBJC_ROOT_CLASS = YES_ERROR;
				CLANG_WARN_QUOTED_INCLUDE_IN_FRAMEWORK_HEADER = YES;
				CLANG_WARN_RANGE_LOOP_ANALYSIS = YES;
				CLANG_WARN_STRICT_PROTOTYPES = YES;
				CLANG_WARN_SUSPICIOUS_MOVE = YES;
				CLANG_WARN_UNGUARDED_AVAILABILITY = YES_AGGRESSIVE;
				CLANG_WARN_UNREACHABLE_CODE = YES;
				CLANG_WARN__DUPLICATE_METHOD_MATCH = YES;
				COPY_PHASE_STRIP = NO;
				DEBUG_INFORMATION_FORMAT = "dwarf-with-dsym";
				ENABLE_NS_ASSERTIONS = NO;
				ENABLE_STRICT_OBJC_MSGSEND = YES;
				GCC_C_LANGUAGE_STANDARD = gnu11;
				GCC_NO_COMMON_BLOCKS = YES;
				GCC_WARN_64_TO_32_BIT_CONVERSION = YES;
				GCC_WARN_ABOUT_RETURN_TYPE = YES_ERROR;
				GCC_WARN_UNDECLARED_SELECTOR = YES;
				GCC_WARN_UNINITIALIZED_AUTOS = YES_AGGRESSIVE;
				GCC_WARN_UNUSED_FUNCTION = YES;
				GCC_WARN_UNUSED_VARIABLE = YES;
				IPHONEOS_DEPLOYMENT_TARGET = 16.0;
				MTL_ENABLE_DEBUG_INFO = NO;
				MTL_FAST_MATH = YES;
				SDKROOT = iphoneos;
				SWIFT_COMPILATION_MODE = wholemodule;
				SWIFT_OPTIMIZATION_LEVEL = "-O";
				VALIDATE_PRODUCT = YES;
			};
			name = Release;
		};
		CE95659828E08E2F00E84B39 /* Debug */ = {
			isa = XCBuildConfiguration;
			buildSettings = {
				ASSETCATALOG_COMPILER_APPICON_NAME = AppIcon;
				ASSETCATALOG_COMPILER_GLOBAL_ACCENT_COLOR_NAME = AccentColor;
				CODE_SIGN_STYLE = Automatic;
				CURRENT_PROJECT_VERSION = 1;
				DEVELOPMENT_TEAM = RHRJPVLH9S;
				GENERATE_INFOPLIST_FILE = YES;
				INFOPLIST_FILE = VocabIn/Info.plist;
				INFOPLIST_KEY_UIApplicationSupportsIndirectInputEvents = YES;
				INFOPLIST_KEY_UILaunchStoryboardName = LaunchScreen;
				INFOPLIST_KEY_UIMainStoryboardFile = Main;
				INFOPLIST_KEY_UISupportedInterfaceOrientations_iPad = "UIInterfaceOrientationPortrait UIInterfaceOrientationPortraitUpsideDown UIInterfaceOrientationLandscapeLeft UIInterfaceOrientationLandscapeRight";
				INFOPLIST_KEY_UISupportedInterfaceOrientations_iPhone = "UIInterfaceOrientationPortrait UIInterfaceOrientationLandscapeLeft UIInterfaceOrientationLandscapeRight";
				IPHONEOS_DEPLOYMENT_TARGET = 16.0;
				LD_RUNPATH_SEARCH_PATHS = (
					"$(inherited)",
					"@executable_path/Frameworks",
				);
				MARKETING_VERSION = 1.0;
				PRODUCT_BUNDLE_IDENTIFIER = com.bartekb.VocabIn;
				PRODUCT_NAME = "$(TARGET_NAME)";
				SWIFT_EMIT_LOC_STRINGS = YES;
				SWIFT_VERSION = 5.0;
				TARGETED_DEVICE_FAMILY = "1,2";
			};
			name = Debug;
		};
		CE95659928E08E2F00E84B39 /* Release */ = {
			isa = XCBuildConfiguration;
			buildSettings = {
				ASSETCATALOG_COMPILER_APPICON_NAME = AppIcon;
				ASSETCATALOG_COMPILER_GLOBAL_ACCENT_COLOR_NAME = AccentColor;
				CODE_SIGN_STYLE = Automatic;
				CURRENT_PROJECT_VERSION = 1;
				DEVELOPMENT_TEAM = RHRJPVLH9S;
				GENERATE_INFOPLIST_FILE = YES;
				INFOPLIST_FILE = VocabIn/Info.plist;
				INFOPLIST_KEY_UIApplicationSupportsIndirectInputEvents = YES;
				INFOPLIST_KEY_UILaunchStoryboardName = LaunchScreen;
				INFOPLIST_KEY_UIMainStoryboardFile = Main;
				INFOPLIST_KEY_UISupportedInterfaceOrientations_iPad = "UIInterfaceOrientationPortrait UIInterfaceOrientationPortraitUpsideDown UIInterfaceOrientationLandscapeLeft UIInterfaceOrientationLandscapeRight";
				INFOPLIST_KEY_UISupportedInterfaceOrientations_iPhone = "UIInterfaceOrientationPortrait UIInterfaceOrientationLandscapeLeft UIInterfaceOrientationLandscapeRight";
				IPHONEOS_DEPLOYMENT_TARGET = 16.0;
				LD_RUNPATH_SEARCH_PATHS = (
					"$(inherited)",
					"@executable_path/Frameworks",
				);
				MARKETING_VERSION = 1.0;
				PRODUCT_BUNDLE_IDENTIFIER = com.bartekb.VocabIn;
				PRODUCT_NAME = "$(TARGET_NAME)";
				SWIFT_EMIT_LOC_STRINGS = YES;
				SWIFT_VERSION = 5.0;
				TARGETED_DEVICE_FAMILY = "1,2";
			};
			name = Release;
		};
/* End XCBuildConfiguration section */

/* Begin XCConfigurationList section */
		CE95657E28E08E2D00E84B39 /* Build configuration list for PBXProject "VocabIn" */ = {
			isa = XCConfigurationList;
			buildConfigurations = (
				CE95659528E08E2F00E84B39 /* Debug */,
				CE95659628E08E2F00E84B39 /* Release */,
			);
			defaultConfigurationIsVisible = 0;
			defaultConfigurationName = Release;
		};
		CE95659728E08E2F00E84B39 /* Build configuration list for PBXNativeTarget "VocabIn" */ = {
			isa = XCConfigurationList;
			buildConfigurations = (
				CE95659828E08E2F00E84B39 /* Debug */,
				CE95659928E08E2F00E84B39 /* Release */,
			);
			defaultConfigurationIsVisible = 0;
			defaultConfigurationName = Release;
		};
/* End XCConfigurationList section */

/* Begin XCRemoteSwiftPackageReference section */
		CE0F3571294FAA27003A4617 /* XCRemoteSwiftPackageReference "firebase-ios-sdk" */ = {
			isa = XCRemoteSwiftPackageReference;
			repositoryURL = "https://github.com/firebase/firebase-ios-sdk.git";
			requirement = {
				kind = upToNextMajorVersion;
				minimumVersion = 9.0.0;
			};
		};
/* End XCRemoteSwiftPackageReference section */

/* Begin XCSwiftPackageProductDependency section */
		CE0F3572294FAA27003A4617 /* FirebaseAuth */ = {
			isa = XCSwiftPackageProductDependency;
			package = CE0F3571294FAA27003A4617 /* XCRemoteSwiftPackageReference "firebase-ios-sdk" */;
			productName = FirebaseAuth;
		};
/* End XCSwiftPackageProductDependency section */
	};
	rootObject = CE95657B28E08E2D00E84B39 /* Project object */;
}
